# This file is automatically @generated by Cargo.
# It is not intended for manual editing.
version = 4

[[package]]
name = "thunderbird-tray"
version = "0.1.0"

[[package]]
name = "thunderbird-tray-native-messaging"
version = "0.1.0"

[[package]]
name = "thunderbird-tray-protocol"
version = "0.1.0"
